
Microsoft Visual Studio Solution File, Format Version 12.00
# Visual Studio 14
VisualStudioVersion = 14.0.25123.0
MinimumVisualStudioVersion = 10.0.40219.1
Project("{8BC9CEB8-8B4A-11D0-8D11-00A0C91BC942}") = "project-sbg", "project-sbg\project-sbg.vcxproj", "{58E62702-2035-4F9D-8899-2A717A2BF588}"
EndProject
Project("{2150E333-8FDC-42A3-9474-1A3956D46DE8}") = "wxWidgets", "wxWidgets", "{F698084A-D348-4D64-8F1C-280536961B97}"
EndProject
Global
	GlobalSection(SolutionConfigurationPlatforms) = preSolution
		Debug|x64 = Debug|x64
		Debug|x86 = Debug|x86
		Release|x64 = Release|x64
		Release|x86 = Release|x86
	EndGlobalSection
	GlobalSection(ProjectConfigurationPlatforms) = postSolution
		{58E62702-2035-4F9D-8899-2A717A2BF588}.Debug|x64.ActiveCfg = Debug|x64
		{58E62702-2035-4F9D-8899-2A717A2BF588}.Debug|x64.Build.0 = Debug|x64
		{58E62702-2035-4F9D-8899-2A717A2BF588}.Debug|x86.ActiveCfg = Debug|Win32
		{58E62702-2035-4F9D-8899-2A717A2BF588}.Debug|x86.Build.0 = Debug|Win32
		{58E62702-2035-4F9D-8899-2A717A2BF588}.Release|x64.ActiveCfg = Release|x64
		{58E62702-2035-4F9D-8899-2A717A2BF588}.Release|x64.Build.0 = Release|x64
		{58E62702-2035-4F9D-8899-2A717A2BF588}.Release|x86.ActiveCfg = Release|Win32
		{58E62702-2035-4F9D-8899-2A717A2BF588}.Release|x86.Build.0 = Release|Win32
	EndGlobalSection
	GlobalSection(SolutionProperties) = preSolution
		HideSolutionNode = FALSE
	EndGlobalSection
EndGlobal
